
Microsoft Visual Studio Solution File, Format Version 12.00
# Visual Studio Version 17
VisualStudioVersion = 17.9.34902.65
MinimumVisualStudioVersion = 10.0.40219.1
Project("{FAE04EC0-301F-11D3-BF4B-00C04F79EFBC}") = "BackendAPI", "BackendAPI.csproj", "{2BB2DE34-2F71-475A-AD8D-3B5DDF3C0450}"
EndProject
Global
	GlobalSection(SolutionConfigurationPlatforms) = preSolution
		Debug|Any CPU = Debug|Any CPU
		Release|Any CPU = Release|Any CPU
	EndGlobalSection
	GlobalSection(ProjectConfigurationPlatforms) = postSolution
		{2BB2DE34-2F71-475A-AD8D-3B5DDF3C0450}.Debug|Any CPU.ActiveCfg = Debug|Any CPU
		{2BB2DE34-2F71-475A-AD8D-3B5DDF3C0450}.Debug|Any CPU.Build.0 = Debug|Any CPU
		{2BB2DE34-2F71-475A-AD8D-3B5DDF3C0450}.Release|Any CPU.ActiveCfg = Release|Any CPU
		{2BB2DE34-2F71-475A-AD8D-3B5DDF3C0450}.Release|Any CPU.Build.0 = Release|Any CPU
	EndGlobalSection
	GlobalSection(SolutionProperties) = preSolution
		HideSolutionNode = FALSE
	EndGlobalSection
	GlobalSection(ExtensibilityGlobals) = postSolution
		SolutionGuid = {41569654-2075-4F72-83AF-BBF61D1A8700}
	EndGlobalSection
EndGlobal
